// !$*UTF8*$!
{
	archiveVersion = 1;
	classes = {
	};
	objectVersion = 48;
	objects = {

/* Begin PBXBuildFile section */
		D250D717204E8BA100E1458A /* AppDelegate.swift in Sources */ = {isa = PBXBuildFile; fileRef = D250D716204E8BA100E1458A /* AppDelegate.swift */; };
		D250D719204E8BA100E1458A /* FirstViewController.swift in Sources */ = {isa = PBXBuildFile; fileRef = D250D718204E8BA100E1458A /* FirstViewController.swift */; };
		D250D71B204E8BA100E1458A /* SecondViewController.swift in Sources */ = {isa = PBXBuildFile; fileRef = D250D71A204E8BA100E1458A /* SecondViewController.swift */; };
		D250D71E204E8BA100E1458A /* Main.storyboard in Resources */ = {isa = PBXBuildFile; fileRef = D250D71C204E8BA100E1458A /* Main.storyboard */; };
		D250D720204E8BA100E1458A /* Assets.xcassets in Resources */ = {isa = PBXBuildFile; fileRef = D250D71F204E8BA100E1458A /* Assets.xcassets */; };
		D250D723204E8BA100E1458A /* LaunchScreen.storyboard in Resources */ = {isa = PBXBuildFile; fileRef = D250D721204E8BA100E1458A /* LaunchScreen.storyboard */; };
/* End PBXBuildFile section */

/* Begin PBXFileReference section */
		D250D713204E8BA100E1458A /* MyThoughtWorld.app */ = {isa = PBXFileReference; explicitFileType = wrapper.application; includeInIndex = 0; path = MyThoughtWorld.app; sourceTree = BUILT_PRODUCTS_DIR; };
		D250D716204E8BA100E1458A /* AppDelegate.swift */ = {isa = PBXFileReference; lastKnownFileType = sourcecode.swift; path = AppDelegate.swift; sourceTree = "<group>"; };
		D250D718204E8BA100E1458A /* FirstViewController.swift */ = {isa = PBXFileReference; lastKnownFileType = sourcecode.swift; path = FirstViewController.swift; sourceTree = "<group>"; };
		D250D71A204E8BA100E1458A /* SecondViewController.swift */ = {isa = PBXFileReference; lastKnownFileType = sourcecode.swift; path = SecondViewController.swift; sourceTree = "<group>"; };
		D250D71D204E8BA100E1458A /* Base */ = {isa = PBXFileReference; lastKnownFileType = file.storyboard; name = Base; path = Base.lproj/Main.storyboard; sourceTree = "<group>"; };
		D250D71F204E8BA100E1458A /* Assets.xcassets */ = {isa = PBXFileReference; lastKnownFileType = folder.assetcatalog; path = Assets.xcassets; sourceTree = "<group>"; };
		D250D722204E8BA100E1458A /* Base */ = {isa = PBXFileReference; lastKnownFileType = file.storyboard; name = Base; path = Base.lproj/LaunchScreen.storyboard; sourceTree = "<group>"; };
		D250D724204E8BA100E1458A /* Info.plist */ = {isa = PBXFileReference; lastKnownFileType = text.plist.xml; path = Info.plist; sourceTree = "<group>"; };
/* End PBXFileReference section */

/* Begin PBXFrameworksBuildPhase section */
		D250D710204E8BA100E1458A /* Frameworks */ = {
			isa = PBXFrameworksBuildPhase;
			buildActionMask = 2147483647;
			files = (
			);
			runOnlyForDeploymentPostprocessing = 0;
		};
/* End PBXFrameworksBuildPhase section */

/* Begin PBXGroup section */
		D250D70A204E8BA100E1458A = {
			isa = PBXGroup;
			children = (
				D250D715204E8BA100E1458A /* MyThoughtWorld */,
				D250D714204E8BA100E1458A /* Products */,
			);
			sourceTree = "<group>";
		};
		D250D714204E8BA100E1458A /* Products */ = {
			isa = PBXGroup;
			children = (
				D250D713204E8BA100E1458A /* MyThoughtWorld.app */,
			);
			name = Products;
			sourceTree = "<group>";
		};
		D250D715204E8BA100E1458A /* MyThoughtWorld */ = {
			isa = PBXGroup;
			children = (
				D250D716204E8BA100E1458A /* AppDelegate.swift */,
				D250D718204E8BA100E1458A /* FirstViewController.swift */,
				D250D71A204E8BA100E1458A /* SecondViewController.swift */,
				D250D71C204E8BA100E1458A /* Main.storyboard */,
				D250D71F204E8BA100E1458A /* Assets.xcassets */,
				D250D721204E8BA100E1458A /* LaunchScreen.storyboard */,
				D250D724204E8BA100E1458A /* Info.plist */,
			);
			path = MyThoughtWorld;
			sourceTree = "<group>";
		};
/* End PBXGroup section */

/* Begin PBXNativeTarget section */
		D250D712204E8BA100E1458A /* MyThoughtWorld */ = {
			isa = PBXNativeTarget;
			buildConfigurationList = D250D727204E8BA100E1458A /* Build configuration list for PBXNativeTarget "MyThoughtWorld" */;
			buildPhases = (
				D250D70F204E8BA100E1458A /* Sources */,
				D250D710204E8BA100E1458A /* Frameworks */,
				D250D711204E8BA100E1458A /* Resources */,
			);
			buildRules = (
			);
			dependencies = (
			);
			name = MyThoughtWorld;
			productName = MyThoughtWorld;
			productReference = D250D713204E8BA100E1458A /* MyThoughtWorld.app */;
			productType = "com.apple.product-type.application";
		};
/* End PBXNativeTarget section */

/* Begin PBXProject section */
		D250D70B204E8BA100E1458A /* Project object */ = {
			isa = PBXProject;
			attributes = {
				LastSwiftUpdateCheck = 0920;
				LastUpgradeCheck = 0920;
				ORGANIZATIONNAME = "Muhittin Ustundag";
				TargetAttributes = {
					D250D712204E8BA100E1458A = {
						CreatedOnToolsVersion = 9.2;
						ProvisioningStyle = Automatic;
					};
				};
			};
			buildConfigurationList = D250D70E204E8BA100E1458A /* Build configuration list for PBXProject "MyThoughtWorld" */;
			compatibilityVersion = "Xcode 8.0";
			developmentRegion = en;
			hasScannedForEncodings = 0;
			knownRegions = (
				en,
				Base,
			);
			mainGroup = D250D70A204E8BA100E1458A;
			productRefGroup = D250D714204E8BA100E1458A /* Products */;
			projectDirPath = "";
			projectRoot = "";
			targets = (
				D250D712204E8BA100E1458A /* MyThoughtWorld */,
			);
		};
/* End PBXProject section */

/* Begin PBXResourcesBuildPhase section */
		D250D711204E8BA100E1458A /* Resources */ = {
			isa = PBXResourcesBuildPhase;
			buildActionMask = 2147483647;
			files = (
				D250D723204E8BA100E1458A /* LaunchScreen.storyboard in Resources */,
				D250D720204E8BA100E1458A /* Assets.xcassets in Resources */,
				D250D71E204E8BA100E1458A /* Main.storyboard in Resources */,
			);
			runOnlyForDeploymentPostprocessing = 0;
		};
/* End PBXResourcesBuildPhase section */

/* Begin PBXSourcesBuildPhase section */
		D250D70F204E8BA100E1458A /* Sources */ = {
			isa = PBXSourcesBuildPhase;
			buildActionMask = 2147483647;
			files = (
				D250D71B204E8BA100E1458A /* SecondViewController.swift in Sources */,
				D250D717204E8BA100E1458A /* AppDelegate.swift in Sources */,
				D250D719204E8BA100E1458A /* FirstViewController.swift in Sources */,
			);
			runOnlyForDeploymentPostprocessing = 0;
		};
/* End PBXSourcesBuildPhase section */

/* Begin PBXVariantGroup section */
		D250D71C204E8BA100E1458A /* Main.storyboard */ = {
			isa = PBXVariantGroup;
			children = (
				D250D71D204E8BA100E1458A /* Base */,
			);
			name = Main.storyboard;
			sourceTree = "<group>";
		};
		D250D721204E8BA100E1458A /* LaunchScreen.storyboard */ = {
			isa = PBXVariantGroup;
			children = (
				D250D722204E8BA100E1458A /* Base */,
			);
			name = LaunchScreen.storyboard;
			sourceTree = "<group>";
		};
/* End PBXVariantGroup section */

/* Begin XCBuildConfiguration section */
		D250D725204E8BA100E1458A /* Debug */ = {
			isa = XCBuildConfiguration;
			buildSettings = {
				ALWAYS_SEARCH_USER_PATHS = NO;
				CLANG_ANALYZER_NONNULL = YES;
				CLANG_ANALYZER_NUMBER_OBJECT_CONVERSION = YES_AGGRESSIVE;
				CLANG_CXX_LANGUAGE_STANDARD = "gnu++14";
				CLANG_CXX_LIBRARY = "libc++";
				CLANG_ENABLE_MODULES = YES;
				CLANG_ENABLE_OBJC_ARC = YES;
				CLANG_WARN_BLOCK_CAPTURE_AUTORELEASING = YES;
				CLANG_WARN_BOOL_CONVERSION = YES;
				CLANG_WARN_COMMA = YES;
				CLANG_WARN_CONSTANT_CONVERSION = YES;
				CLANG_WARN_DIRECT_OBJC_ISA_USAGE = YES_ERROR;
				CLANG_WARN_DOCUMENTATION_COMMENTS = YES;
				CLANG_WARN_EMPTY_BODY = YES;
				CLANG_WARN_ENUM_CONVERSION = YES;
				CLANG_WARN_INFINITE_RECURSION = YES;
				CLANG_WARN_INT_CONVERSION = YES;
				CLANG_WARN_NON_LITERAL_NULL_CONVERSION = YES;
				CLANG_WARN_OBJC_LITERAL_CONVERSION = YES;
				CLANG_WARN_OBJC_ROOT_CLASS = YES_ERROR;
				CLANG_WARN_RANGE_LOOP_ANALYSIS = YES;
				CLANG_WARN_STRICT_PROTOTYPES = YES;
				CLANG_WARN_SUSPICIOUS_MOVE = YES;
				CLANG_WARN_UNGUARDED_AVAILABILITY = YES_AGGRESSIVE;
				CLANG_WARN_UNREACHABLE_CODE = YES;
				CLANG_WARN__DUPLICATE_METHOD_MATCH = YES;
				CODE_SIGN_IDENTITY = "iPhone Developer";
				COPY_PHASE_STRIP = NO;
				DEBUG_INFORMATION_FORMAT = dwarf;
				ENABLE_STRICT_OBJC_MSGSEND = YES;
				ENABLE_TESTABILITY = YES;
				GCC_C_LANGUAGE_STANDARD = gnu11;
				GCC_DYNAMIC_NO_PIC = NO;
				GCC_NO_COMMON_BLOCKS = YES;
				GCC_OPTIMIZATION_LEVEL = 0;
				GCC_PREPROCESSOR_DEFINITIONS = (
					"DEBUG=1",
					"$(inherited)",
				);
				GCC_WARN_64_TO_32_BIT_CONVERSION = YES;
				GCC_WARN_ABOUT_RETURN_TYPE = YES_ERROR;
				GCC_WARN_UNDECLARED_SELECTOR = YES;
				GCC_WARN_UNINITIALIZED_AUTOS = YES_AGGRESSIVE;
				GCC_WARN_UNUSED_FUNCTION = YES;
				GCC_WARN_UNUSED_VARIABLE = YES;
				IPHONEOS_DEPLOYMENT_TARGET = 11.2;
				MTL_ENABLE_DEBUG_INFO = YES;
				ONLY_ACTIVE_ARCH = YES;
				SDKROOT = iphoneos;
				SWIFT_ACTIVE_COMPILATION_CONDITIONS = DEBUG;
				SWIFT_OPTIMIZATION_LEVEL = "-Onone";
			};
			name = Debug;
		};
		D250D726204E8BA100E1458A /* Release */ = {
			isa = XCBuildConfiguration;
			buildSettings = {
				ALWAYS_SEARCH_USER_PATHS = NO;
				CLANG_ANALYZER_NONNULL = YES;
				CLANG_ANALYZER_NUMBER_OBJECT_CONVERSION = YES_AGGRESSIVE;
				CLANG_CXX_LANGUAGE_STANDARD = "gnu++14";
				CLANG_CXX_LIBRARY = "libc++";
				CLANG_ENABLE_MODULES = YES;
				CLANG_ENABLE_OBJC_ARC = YES;
				CLANG_WARN_BLOCK_CAPTURE_AUTORELEASING = YES;
				CLANG_WARN_BOOL_CONVERSION = YES;
				CLANG_WARN_COMMA = YES;
				CLANG_WARN_CONSTANT_CONVERSION = YES;
				CLANG_WARN_DIRECT_OBJC_ISA_USAGE = YES_ERROR;
				CLANG_WARN_DOCUMENTATION_COMMENTS = YES;
				CLANG_WARN_EMPTY_BODY = YES;
				CLANG_WARN_ENUM_CONVERSION = YES;
				CLANG_WARN_INFINITE_RECURSION = YES;
				CLANG_WARN_INT_CONVERSION = YES;
				CLANG_WARN_NON_LITERAL_NULL_CONVERSION = YES;
				CLANG_WARN_OBJC_LITERAL_CONVERSION = YES;
				CLANG_WARN_OBJC_ROOT_CLASS = YES_ERROR;
				CLANG_WARN_RANGE_LOOP_ANALYSIS = YES;
				CLANG_WARN_STRICT_PROTOTYPES = YES;
				CLANG_WARN_SUSPICIOUS_MOVE = YES;
				CLANG_WARN_UNGUARDED_AVAILABILITY = YES_AGGRESSIVE;
				CLANG_WARN_UNREACHABLE_CODE = YES;
				CLANG_WARN__DUPLICATE_METHOD_MATCH = YES;
				CODE_SIGN_IDENTITY = "iPhone Developer";
				COPY_PHASE_STRIP = NO;
				DEBUG_INFORMATION_FORMAT = "dwarf-with-dsym";
				ENABLE_NS_ASSERTIONS = NO;
				ENABLE_STRICT_OBJC_MSGSEND = YES;
				GCC_C_LANGUAGE_STANDARD = gnu11;
				GCC_NO_COMMON_BLOCKS = YES;
				GCC_WARN_64_TO_32_BIT_CONVERSION = YES;
				GCC_WARN_ABOUT_RETURN_TYPE = YES_ERROR;
				GCC_WARN_UNDECLARED_SELECTOR = YES;
				GCC_WARN_UNINITIALIZED_AUTOS = YES_AGGRESSIVE;
				GCC_WARN_UNUSED_FUNCTION = YES;
				GCC_WARN_UNUSED_VARIABLE = YES;
				IPHONEOS_DEPLOYMENT_TARGET = 11.2;
				MTL_ENABLE_DEBUG_INFO = NO;
				SDKROOT = iphoneos;
				SWIFT_OPTIMIZATION_LEVEL = "-Owholemodule";
				VALIDATE_PRODUCT = YES;
			};
			name = Release;
		};
		D250D728204E8BA100E1458A /* Debug */ = {
			isa = XCBuildConfiguration;
			buildSettings = {
				ASSETCATALOG_COMPILER_APPICON_NAME = AppIcon;
				CODE_SIGN_STYLE = Automatic;
				DEVELOPMENT_TEAM = "";
				INFOPLIST_FILE = MyThoughtWorld/Info.plist;
				LD_RUNPATH_SEARCH_PATHS = "$(inherited) @executable_path/Frameworks";
				PRODUCT_BUNDLE_IDENTIFIER = site.ustundag.MyThoughtWorld;
				PRODUCT_NAME = "$(TARGET_NAME)";
				SWIFT_VERSION = 4.0;
				TARGETED_DEVICE_FAMILY = 1;
			};
			name = Debug;
		};
		D250D729204E8BA100E1458A /* Release */ = {
			isa = XCBuildConfiguration;
			buildSettings = {
				ASSETCATALOG_COMPILER_APPICON_NAME = AppIcon;
				CODE_SIGN_STYLE = Automatic;
				DEVELOPMENT_TEAM = "";
				INFOPLIST_FILE = MyThoughtWorld/Info.plist;
				LD_RUNPATH_SEARCH_PATHS = "$(inherited) @executable_path/Frameworks";
				PRODUCT_BUNDLE_IDENTIFIER = site.ustundag.MyThoughtWorld;
				PRODUCT_NAME = "$(TARGET_NAME)";
				SWIFT_VERSION = 4.0;
				TARGETED_DEVICE_FAMILY = 1;
			};
			name = Release;
		};
/* End XCBuildConfiguration section */

/* Begin XCConfigurationList section */
		D250D70E204E8BA100E1458A /* Build configuration list for PBXProject "MyThoughtWorld" */ = {
			isa = XCConfigurationList;
			buildConfigurations = (
				D250D725204E8BA100E1458A /* Debug */,
				D250D726204E8BA100E1458A /* Release */,
			);
			defaultConfigurationIsVisible = 0;
			defaultConfigurationName = Release;
		};
		D250D727204E8BA100E1458A /* Build configuration list for PBXNativeTarget "MyThoughtWorld" */ = {
			isa = XCConfigurationList;
			buildConfigurations = (
				D250D728204E8BA100E1458A /* Debug */,
				D250D729204E8BA100E1458A /* Release */,
			);
			defaultConfigurationIsVisible = 0;
			defaultConfigurationName = Release;
		};
/* End XCConfigurationList section */
	};
	rootObject = D250D70B204E8BA100E1458A /* Project object */;
}
