// !$*UTF8*$!
{
	archiveVersion = 1;
	classes = {
	};
	objectVersion = 48;
	objects = {

/* Begin PBXBuildFile section */
		BE39F95004D035177B7E7246 /* Pods_MyThoughtWorld.framework in Frameworks */ = {isa = PBXBuildFile; fileRef = 36223A6C6BEB69B17F3DC6C8 /* Pods_MyThoughtWorld.framework */; };
		D2F6746C204EC8FC00307386 /* AppDelegate.swift in Sources */ = {isa = PBXBuildFile; fileRef = D2F6746B204EC8FC00307386 /* AppDelegate.swift */; };
		D2F6746E204EC8FC00307386 /* ViewController.swift in Sources */ = {isa = PBXBuildFile; fileRef = D2F6746D204EC8FC00307386 /* ViewController.swift */; };
		D2F67471204EC8FC00307386 /* Main.storyboard in Resources */ = {isa = PBXBuildFile; fileRef = D2F6746F204EC8FC00307386 /* Main.storyboard */; };
		D2F67473204EC8FC00307386 /* Assets.xcassets in Resources */ = {isa = PBXBuildFile; fileRef = D2F67472204EC8FC00307386 /* Assets.xcassets */; };
		D2F67476204EC8FC00307386 /* LaunchScreen.storyboard in Resources */ = {isa = PBXBuildFile; fileRef = D2F67474204EC8FC00307386 /* LaunchScreen.storyboard */; };
		D2F67482204EC9AD00307386 /* AppLocker.xib in Resources */ = {isa = PBXBuildFile; fileRef = D2F6747F204EC9AD00307386 /* AppLocker.xib */; };
		D2F67483204EC9AD00307386 /* AppLocker.swift in Sources */ = {isa = PBXBuildFile; fileRef = D2F67480204EC9AD00307386 /* AppLocker.swift */; };
		D2F67484204EC9AD00307386 /* UI.swift in Sources */ = {isa = PBXBuildFile; fileRef = D2F67481204EC9AD00307386 /* UI.swift */; };
/* End PBXBuildFile section */

/* Begin PBXFileReference section */
		36223A6C6BEB69B17F3DC6C8 /* Pods_MyThoughtWorld.framework */ = {isa = PBXFileReference; explicitFileType = wrapper.framework; includeInIndex = 0; path = Pods_MyThoughtWorld.framework; sourceTree = BUILT_PRODUCTS_DIR; };
		50A2E1FF3E259AC4EF28B2EB /* Pods-MyThoughtWorld.release.xcconfig */ = {isa = PBXFileReference; includeInIndex = 1; lastKnownFileType = text.xcconfig; name = "Pods-MyThoughtWorld.release.xcconfig"; path = "Pods/Target Support Files/Pods-MyThoughtWorld/Pods-MyThoughtWorld.release.xcconfig"; sourceTree = "<group>"; };
		D2F67468204EC8FC00307386 /* MyThoughtWorld.app */ = {isa = PBXFileReference; explicitFileType = wrapper.application; includeInIndex = 0; path = MyThoughtWorld.app; sourceTree = BUILT_PRODUCTS_DIR; };
		D2F6746B204EC8FC00307386 /* AppDelegate.swift */ = {isa = PBXFileReference; lastKnownFileType = sourcecode.swift; path = AppDelegate.swift; sourceTree = "<group>"; };
		D2F6746D204EC8FC00307386 /* ViewController.swift */ = {isa = PBXFileReference; lastKnownFileType = sourcecode.swift; path = ViewController.swift; sourceTree = "<group>"; };
		D2F67470204EC8FC00307386 /* Base */ = {isa = PBXFileReference; lastKnownFileType = file.storyboard; name = Base; path = Base.lproj/Main.storyboard; sourceTree = "<group>"; };
		D2F67472204EC8FC00307386 /* Assets.xcassets */ = {isa = PBXFileReference; lastKnownFileType = folder.assetcatalog; path = Assets.xcassets; sourceTree = "<group>"; };
		D2F67475204EC8FC00307386 /* Base */ = {isa = PBXFileReference; lastKnownFileType = file.storyboard; name = Base; path = Base.lproj/LaunchScreen.storyboard; sourceTree = "<group>"; };
		D2F67477204EC8FC00307386 /* Info.plist */ = {isa = PBXFileReference; lastKnownFileType = text.plist.xml; path = Info.plist; sourceTree = "<group>"; };
		D2F6747F204EC9AD00307386 /* AppLocker.xib */ = {isa = PBXFileReference; fileEncoding = 4; lastKnownFileType = file.xib; path = AppLocker.xib; sourceTree = "<group>"; };
		D2F67480204EC9AD00307386 /* AppLocker.swift */ = {isa = PBXFileReference; fileEncoding = 4; lastKnownFileType = sourcecode.swift; path = AppLocker.swift; sourceTree = "<group>"; };
		D2F67481204EC9AD00307386 /* UI.swift */ = {isa = PBXFileReference; fileEncoding = 4; lastKnownFileType = sourcecode.swift; path = UI.swift; sourceTree = "<group>"; };
		D39EC72C0897A330C7413933 /* Pods-MyThoughtWorld.debug.xcconfig */ = {isa = PBXFileReference; includeInIndex = 1; lastKnownFileType = text.xcconfig; name = "Pods-MyThoughtWorld.debug.xcconfig"; path = "Pods/Target Support Files/Pods-MyThoughtWorld/Pods-MyThoughtWorld.debug.xcconfig"; sourceTree = "<group>"; };
/* End PBXFileReference section */

/* Begin PBXFrameworksBuildPhase section */
		D2F67465204EC8FC00307386 /* Frameworks */ = {
			isa = PBXFrameworksBuildPhase;
			buildActionMask = 2147483647;
			files = (
				BE39F95004D035177B7E7246 /* Pods_MyThoughtWorld.framework in Frameworks */,
			);
			runOnlyForDeploymentPostprocessing = 0;
		};
/* End PBXFrameworksBuildPhase section */

/* Begin PBXGroup section */
		0595F5B73954CAC4B6666B59 /* Pods */ = {
			isa = PBXGroup;
			children = (
				D39EC72C0897A330C7413933 /* Pods-MyThoughtWorld.debug.xcconfig */,
				50A2E1FF3E259AC4EF28B2EB /* Pods-MyThoughtWorld.release.xcconfig */,
			);
			name = Pods;
			sourceTree = "<group>";
		};
		990D58A65F07E40A53011DCF /* Frameworks */ = {
			isa = PBXGroup;
			children = (
				36223A6C6BEB69B17F3DC6C8 /* Pods_MyThoughtWorld.framework */,
			);
			name = Frameworks;
			sourceTree = "<group>";
		};
		D2F6745F204EC8FC00307386 = {
			isa = PBXGroup;
			children = (
				D2F6746A204EC8FC00307386 /* MyThoughtWorld */,
				D2F6747D204EC9AD00307386 /* Source */,
				D2F67469204EC8FC00307386 /* Products */,
				0595F5B73954CAC4B6666B59 /* Pods */,
				990D58A65F07E40A53011DCF /* Frameworks */,
			);
			sourceTree = "<group>";
		};
		D2F67469204EC8FC00307386 /* Products */ = {
			isa = PBXGroup;
			children = (
				D2F67468204EC8FC00307386 /* MyThoughtWorld.app */,
			);
			name = Products;
			sourceTree = "<group>";
		};
		D2F6746A204EC8FC00307386 /* MyThoughtWorld */ = {
			isa = PBXGroup;
			children = (
				D2F6746B204EC8FC00307386 /* AppDelegate.swift */,
				D2F6746D204EC8FC00307386 /* ViewController.swift */,
				D2F6746F204EC8FC00307386 /* Main.storyboard */,
				D2F67472204EC8FC00307386 /* Assets.xcassets */,
				D2F67474204EC8FC00307386 /* LaunchScreen.storyboard */,
				D2F67477204EC8FC00307386 /* Info.plist */,
			);
			path = MyThoughtWorld;
			sourceTree = "<group>";
		};
		D2F6747D204EC9AD00307386 /* Source */ = {
			isa = PBXGroup;
			children = (
				D2F6747E204EC9AD00307386 /* AppLocker */,
				D2F67481204EC9AD00307386 /* UI.swift */,
			);
			path = Source;
			sourceTree = "<group>";
		};
		D2F6747E204EC9AD00307386 /* AppLocker */ = {
			isa = PBXGroup;
			children = (
				D2F6747F204EC9AD00307386 /* AppLocker.xib */,
				D2F67480204EC9AD00307386 /* AppLocker.swift */,
			);
			path = AppLocker;
			sourceTree = "<group>";
		};
/* End PBXGroup section */

/* Begin PBXNativeTarget section */
		D2F67467204EC8FC00307386 /* MyThoughtWorld */ = {
			isa = PBXNativeTarget;
			buildConfigurationList = D2F6747A204EC8FC00307386 /* Build configuration list for PBXNativeTarget "MyThoughtWorld" */;
			buildPhases = (
				40AC8912F46BC0046973793B /* [CP] Check Pods Manifest.lock */,
				D2F67464204EC8FC00307386 /* Sources */,
				D2F67465204EC8FC00307386 /* Frameworks */,
				D2F67466204EC8FC00307386 /* Resources */,
				C11F4AA80E7901DEC3793FC9 /* [CP] Embed Pods Frameworks */,
				611D8494E011F91127D4183D /* [CP] Copy Pods Resources */,
			);
			buildRules = (
			);
			dependencies = (
			);
			name = MyThoughtWorld;
			productName = MyThoughtWorld;
			productReference = D2F67468204EC8FC00307386 /* MyThoughtWorld.app */;
			productType = "com.apple.product-type.application";
		};
/* End PBXNativeTarget section */

/* Begin PBXProject section */
		D2F67460204EC8FC00307386 /* Project object */ = {
			isa = PBXProject;
			attributes = {
				LastSwiftUpdateCheck = 0920;
				LastUpgradeCheck = 0920;
				ORGANIZATIONNAME = "Muhittin Ustundag";
				TargetAttributes = {
					D2F67467204EC8FC00307386 = {
						CreatedOnToolsVersion = 9.2;
						ProvisioningStyle = Automatic;
					};
				};
			};
			buildConfigurationList = D2F67463204EC8FC00307386 /* Build configuration list for PBXProject "MyThoughtWorld" */;
			compatibilityVersion = "Xcode 8.0";
			developmentRegion = en;
			hasScannedForEncodings = 0;
			knownRegions = (
				en,
				Base,
			);
			mainGroup = D2F6745F204EC8FC00307386;
			productRefGroup = D2F67469204EC8FC00307386 /* Products */;
			projectDirPath = "";
			projectRoot = "";
			targets = (
				D2F67467204EC8FC00307386 /* MyThoughtWorld */,
			);
		};
/* End PBXProject section */

/* Begin PBXResourcesBuildPhase section */
		D2F67466204EC8FC00307386 /* Resources */ = {
			isa = PBXResourcesBuildPhase;
			buildActionMask = 2147483647;
			files = (
				D2F67476204EC8FC00307386 /* LaunchScreen.storyboard in Resources */,
				D2F67473204EC8FC00307386 /* Assets.xcassets in Resources */,
				D2F67471204EC8FC00307386 /* Main.storyboard in Resources */,
				D2F67482204EC9AD00307386 /* AppLocker.xib in Resources */,
			);
			runOnlyForDeploymentPostprocessing = 0;
		};
/* End PBXResourcesBuildPhase section */

/* Begin PBXShellScriptBuildPhase section */
		40AC8912F46BC0046973793B /* [CP] Check Pods Manifest.lock */ = {
			isa = PBXShellScriptBuildPhase;
			buildActionMask = 2147483647;
			files = (
			);
			inputPaths = (
				"${PODS_PODFILE_DIR_PATH}/Podfile.lock",
				"${PODS_ROOT}/Manifest.lock",
			);
			name = "[CP] Check Pods Manifest.lock";
			outputPaths = (
				"$(DERIVED_FILE_DIR)/Pods-MyThoughtWorld-checkManifestLockResult.txt",
			);
			runOnlyForDeploymentPostprocessing = 0;
			shellPath = /bin/sh;
			shellScript = "diff \"${PODS_PODFILE_DIR_PATH}/Podfile.lock\" \"${PODS_ROOT}/Manifest.lock\" > /dev/null\nif [ $? != 0 ] ; then\n    # print error to STDERR\n    echo \"error: The sandbox is not in sync with the Podfile.lock. Run 'pod install' or update your CocoaPods installation.\" >&2\n    exit 1\nfi\n# This output is used by Xcode 'outputs' to avoid re-running this script phase.\necho \"SUCCESS\" > \"${SCRIPT_OUTPUT_FILE_0}\"\n";
			showEnvVarsInLog = 0;
		};
		611D8494E011F91127D4183D /* [CP] Copy Pods Resources */ = {
			isa = PBXShellScriptBuildPhase;
			buildActionMask = 2147483647;
			files = (
			);
			inputPaths = (
			);
			name = "[CP] Copy Pods Resources";
			outputPaths = (
			);
			runOnlyForDeploymentPostprocessing = 0;
			shellPath = /bin/sh;
			shellScript = "\"${SRCROOT}/Pods/Target Support Files/Pods-MyThoughtWorld/Pods-MyThoughtWorld-resources.sh\"\n";
			showEnvVarsInLog = 0;
		};
		C11F4AA80E7901DEC3793FC9 /* [CP] Embed Pods Frameworks */ = {
			isa = PBXShellScriptBuildPhase;
			buildActionMask = 2147483647;
			files = (
			);
			inputPaths = (
				"${SRCROOT}/Pods/Target Support Files/Pods-MyThoughtWorld/Pods-MyThoughtWorld-frameworks.sh",
				"${BUILT_PRODUCTS_DIR}/YNExpandableCell/YNExpandableCell.framework",
			);
			name = "[CP] Embed Pods Frameworks";
			outputPaths = (
				"${TARGET_BUILD_DIR}/${FRAMEWORKS_FOLDER_PATH}/YNExpandableCell.framework",
			);
			runOnlyForDeploymentPostprocessing = 0;
			shellPath = /bin/sh;
			shellScript = "\"${SRCROOT}/Pods/Target Support Files/Pods-MyThoughtWorld/Pods-MyThoughtWorld-frameworks.sh\"\n";
			showEnvVarsInLog = 0;
		};
/* End PBXShellScriptBuildPhase section */

/* Begin PBXSourcesBuildPhase section */
		D2F67464204EC8FC00307386 /* Sources */ = {
			isa = PBXSourcesBuildPhase;
			buildActionMask = 2147483647;
			files = (
				D2F6746E204EC8FC00307386 /* ViewController.swift in Sources */,
				D2F67484204EC9AD00307386 /* UI.swift in Sources */,
				D2F6746C204EC8FC00307386 /* AppDelegate.swift in Sources */,
				D2F67483204EC9AD00307386 /* AppLocker.swift in Sources */,
			);
			runOnlyForDeploymentPostprocessing = 0;
		};
/* End PBXSourcesBuildPhase section */

/* Begin PBXVariantGroup section */
		D2F6746F204EC8FC00307386 /* Main.storyboard */ = {
			isa = PBXVariantGroup;
			children = (
				D2F67470204EC8FC00307386 /* Base */,
			);
			name = Main.storyboard;
			sourceTree = "<group>";
		};
		D2F67474204EC8FC00307386 /* LaunchScreen.storyboard */ = {
			isa = PBXVariantGroup;
			children = (
				D2F67475204EC8FC00307386 /* Base */,
			);
			name = LaunchScreen.storyboard;
			sourceTree = "<group>";
		};
/* End PBXVariantGroup section */

/* Begin XCBuildConfiguration section */
		D2F67478204EC8FC00307386 /* Debug */ = {
			isa = XCBuildConfiguration;
			buildSettings = {
				ALWAYS_SEARCH_USER_PATHS = NO;
				CLANG_ANALYZER_NONNULL = YES;
				CLANG_ANALYZER_NUMBER_OBJECT_CONVERSION = YES_AGGRESSIVE;
				CLANG_CXX_LANGUAGE_STANDARD = "gnu++14";
				CLANG_CXX_LIBRARY = "libc++";
				CLANG_ENABLE_MODULES = YES;
				CLANG_ENABLE_OBJC_ARC = YES;
				CLANG_WARN_BLOCK_CAPTURE_AUTORELEASING = YES;
				CLANG_WARN_BOOL_CONVERSION = YES;
				CLANG_WARN_COMMA = YES;
				CLANG_WARN_CONSTANT_CONVERSION = YES;
				CLANG_WARN_DIRECT_OBJC_ISA_USAGE = YES_ERROR;
				CLANG_WARN_DOCUMENTATION_COMMENTS = YES;
				CLANG_WARN_EMPTY_BODY = YES;
				CLANG_WARN_ENUM_CONVERSION = YES;
				CLANG_WARN_INFINITE_RECURSION = YES;
				CLANG_WARN_INT_CONVERSION = YES;
				CLANG_WARN_NON_LITERAL_NULL_CONVERSION = YES;
				CLANG_WARN_OBJC_LITERAL_CONVERSION = YES;
				CLANG_WARN_OBJC_ROOT_CLASS = YES_ERROR;
				CLANG_WARN_RANGE_LOOP_ANALYSIS = YES;
				CLANG_WARN_STRICT_PROTOTYPES = YES;
				CLANG_WARN_SUSPICIOUS_MOVE = YES;
				CLANG_WARN_UNGUARDED_AVAILABILITY = YES_AGGRESSIVE;
				CLANG_WARN_UNREACHABLE_CODE = YES;
				CLANG_WARN__DUPLICATE_METHOD_MATCH = YES;
				CODE_SIGN_IDENTITY = "iPhone Developer";
				COPY_PHASE_STRIP = NO;
				DEBUG_INFORMATION_FORMAT = dwarf;
				ENABLE_STRICT_OBJC_MSGSEND = YES;
				ENABLE_TESTABILITY = YES;
				GCC_C_LANGUAGE_STANDARD = gnu11;
				GCC_DYNAMIC_NO_PIC = NO;
				GCC_NO_COMMON_BLOCKS = YES;
				GCC_OPTIMIZATION_LEVEL = 0;
				GCC_PREPROCESSOR_DEFINITIONS = (
					"DEBUG=1",
					"$(inherited)",
				);
				GCC_WARN_64_TO_32_BIT_CONVERSION = YES;
				GCC_WARN_ABOUT_RETURN_TYPE = YES_ERROR;
				GCC_WARN_UNDECLARED_SELECTOR = YES;
				GCC_WARN_UNINITIALIZED_AUTOS = YES_AGGRESSIVE;
				GCC_WARN_UNUSED_FUNCTION = YES;
				GCC_WARN_UNUSED_VARIABLE = YES;
				IPHONEOS_DEPLOYMENT_TARGET = 11.2;
				MTL_ENABLE_DEBUG_INFO = YES;
				ONLY_ACTIVE_ARCH = YES;
				SDKROOT = iphoneos;
				SWIFT_ACTIVE_COMPILATION_CONDITIONS = DEBUG;
				SWIFT_OPTIMIZATION_LEVEL = "-Onone";
			};
			name = Debug;
		};
		D2F67479204EC8FC00307386 /* Release */ = {
			isa = XCBuildConfiguration;
			buildSettings = {
				ALWAYS_SEARCH_USER_PATHS = NO;
				CLANG_ANALYZER_NONNULL = YES;
				CLANG_ANALYZER_NUMBER_OBJECT_CONVERSION = YES_AGGRESSIVE;
				CLANG_CXX_LANGUAGE_STANDARD = "gnu++14";
				CLANG_CXX_LIBRARY = "libc++";
				CLANG_ENABLE_MODULES = YES;
				CLANG_ENABLE_OBJC_ARC = YES;
				CLANG_WARN_BLOCK_CAPTURE_AUTORELEASING = YES;
				CLANG_WARN_BOOL_CONVERSION = YES;
				CLANG_WARN_COMMA = YES;
				CLANG_WARN_CONSTANT_CONVERSION = YES;
				CLANG_WARN_DIRECT_OBJC_ISA_USAGE = YES_ERROR;
				CLANG_WARN_DOCUMENTATION_COMMENTS = YES;
				CLANG_WARN_EMPTY_BODY = YES;
				CLANG_WARN_ENUM_CONVERSION = YES;
				CLANG_WARN_INFINITE_RECURSION = YES;
				CLANG_WARN_INT_CONVERSION = YES;
				CLANG_WARN_NON_LITERAL_NULL_CONVERSION = YES;
				CLANG_WARN_OBJC_LITERAL_CONVERSION = YES;
				CLANG_WARN_OBJC_ROOT_CLASS = YES_ERROR;
				CLANG_WARN_RANGE_LOOP_ANALYSIS = YES;
				CLANG_WARN_STRICT_PROTOTYPES = YES;
				CLANG_WARN_SUSPICIOUS_MOVE = YES;
				CLANG_WARN_UNGUARDED_AVAILABILITY = YES_AGGRESSIVE;
				CLANG_WARN_UNREACHABLE_CODE = YES;
				CLANG_WARN__DUPLICATE_METHOD_MATCH = YES;
				CODE_SIGN_IDENTITY = "iPhone Developer";
				COPY_PHASE_STRIP = NO;
				DEBUG_INFORMATION_FORMAT = "dwarf-with-dsym";
				ENABLE_NS_ASSERTIONS = NO;
				ENABLE_STRICT_OBJC_MSGSEND = YES;
				GCC_C_LANGUAGE_STANDARD = gnu11;
				GCC_NO_COMMON_BLOCKS = YES;
				GCC_WARN_64_TO_32_BIT_CONVERSION = YES;
				GCC_WARN_ABOUT_RETURN_TYPE = YES_ERROR;
				GCC_WARN_UNDECLARED_SELECTOR = YES;
				GCC_WARN_UNINITIALIZED_AUTOS = YES_AGGRESSIVE;
				GCC_WARN_UNUSED_FUNCTION = YES;
				GCC_WARN_UNUSED_VARIABLE = YES;
				IPHONEOS_DEPLOYMENT_TARGET = 11.2;
				MTL_ENABLE_DEBUG_INFO = NO;
				SDKROOT = iphoneos;
				SWIFT_OPTIMIZATION_LEVEL = "-Owholemodule";
				VALIDATE_PRODUCT = YES;
			};
			name = Release;
		};
		D2F6747B204EC8FC00307386 /* Debug */ = {
			isa = XCBuildConfiguration;
			baseConfigurationReference = D39EC72C0897A330C7413933 /* Pods-MyThoughtWorld.debug.xcconfig */;
			buildSettings = {
				ASSETCATALOG_COMPILER_APPICON_NAME = AppIcon;
				CODE_SIGN_STYLE = Automatic;
				DEVELOPMENT_TEAM = UJ9L4RBMUN;
				INFOPLIST_FILE = MyThoughtWorld/Info.plist;
				IPHONEOS_DEPLOYMENT_TARGET = 10.0;
				LD_RUNPATH_SEARCH_PATHS = "$(inherited) @executable_path/Frameworks";
				PRODUCT_BUNDLE_IDENTIFIER = site.ustundag.MyThoughtWorld;
				PRODUCT_NAME = "$(TARGET_NAME)";
				SWIFT_VERSION = 4.0;
				TARGETED_DEVICE_FAMILY = 1;
			};
			name = Debug;
		};
		D2F6747C204EC8FC00307386 /* Release */ = {
			isa = XCBuildConfiguration;
			baseConfigurationReference = 50A2E1FF3E259AC4EF28B2EB /* Pods-MyThoughtWorld.release.xcconfig */;
			buildSettings = {
				ASSETCATALOG_COMPILER_APPICON_NAME = AppIcon;
				CODE_SIGN_STYLE = Automatic;
				DEVELOPMENT_TEAM = UJ9L4RBMUN;
				INFOPLIST_FILE = MyThoughtWorld/Info.plist;
				IPHONEOS_DEPLOYMENT_TARGET = 10.0;
				LD_RUNPATH_SEARCH_PATHS = "$(inherited) @executable_path/Frameworks";
				PRODUCT_BUNDLE_IDENTIFIER = site.ustundag.MyThoughtWorld;
				PRODUCT_NAME = "$(TARGET_NAME)";
				SWIFT_VERSION = 4.0;
				TARGETED_DEVICE_FAMILY = 1;
			};
			name = Release;
		};
/* End XCBuildConfiguration section */

/* Begin XCConfigurationList section */
		D2F67463204EC8FC00307386 /* Build configuration list for PBXProject "MyThoughtWorld" */ = {
			isa = XCConfigurationList;
			buildConfigurations = (
				D2F67478204EC8FC00307386 /* Debug */,
				D2F67479204EC8FC00307386 /* Release */,
			);
			defaultConfigurationIsVisible = 0;
			defaultConfigurationName = Release;
		};
		D2F6747A204EC8FC00307386 /* Build configuration list for PBXNativeTarget "MyThoughtWorld" */ = {
			isa = XCConfigurationList;
			buildConfigurations = (
				D2F6747B204EC8FC00307386 /* Debug */,
				D2F6747C204EC8FC00307386 /* Release */,
			);
			defaultConfigurationIsVisible = 0;
			defaultConfigurationName = Release;
		};
/* End XCConfigurationList section */
	};
	rootObject = D2F67460204EC8FC00307386 /* Project object */;
}
